{
  "nodes": {
    "asdcontrol-src": {
      "flake": false,
      "locked": {
        "lastModified": 1755787577,
        "narHash": "sha256-0BC1TKGRvCP62IhNmUcASZY+jzO1/O/Cupy0f7zqeBw=",
        "owner": "nikosdion",
        "repo": "asdcontrol",
        "rev": "0ee8bd576d4e93513027d713e688988cb0d827ef",
        "type": "github"
      },
      "original": {
        "owner": "nikosdion",
        "repo": "asdcontrol",
        "rev": "0ee8bd576d4e93513027d713e688988cb0d827ef",
        "type": "github"
      }
    },
    "darkman-src": {
      "flake": false,
      "locked": {
        "lastModified": 1776486636,
        "narHash": "sha256-NXVGtlPVoLUAFUWTPEtJQS9JUQkAZ2nwtt5Kjyxh6bI=",
        "owner": "WhyNotHugo",
        "repo": "darkman",
        "rev": "64dd79f3b7ed946a1c04244e991b7a78e0fbfd76",
        "type": "gitlab"
      },
      "original": {
        "owner": "WhyNotHugo",
        "repo": "darkman",
        "rev": "64dd79f3b7ed946a1c04244e991b7a78e0fbfd76",
        "type": "gitlab"
      }
    },
    "dunst-src": {
      "flake": false,
      "locked": {
        "lastModified": 1773831391,
        "narHash": "sha256-Idh/moq+OjD3VpZKJ3blO1JAK7PPX42z15rQz/JZb84=",
        "owner": "dunst-project",
        "repo": "dunst",
        "rev": "312ed56fbcdc84823c99f21008467561394a8eb1",
        "type": "github"
      },
      "original": {
        "owner": "dunst-project",
        "repo": "dunst",
        "rev": "312ed56fbcdc84823c99f21008467561394a8eb1",
        "type": "github"
      }
    },
    "fastpotify": {
      "inputs": {
        "nixpkgs": [
          "nixpkgs"
        ],
        "rust-overlay": "rust-overlay"
      },
      "locked": {
        "lastModified": 1788709650,
        "narHash": "sha256-y4eSMbxr6P9USul0mG3np3xS/nI1LKYC2OxKAT9O4Uo=",
        "owner": "crmne",
        "repo": "fastpotify",
        "rev": "40fded2dc310f24a939f9d9775b83f342fa544f4",
        "type": "github"
      },
      "original": {
        "owner": "crmne",
        "repo": "fastpotify",
        "type": "github"
      }
    },
    "ghostty-src": {
      "flake": false,
      "locked": {
        "lastModified": 1788731929,
        "narHash": "sha256-HmWlnyoBwR0Nct/k4mwaPt/HbZsfvJ4ADQgFEAwpjAs=",
        "owner": "ghostty-org",
        "repo": "ghostty",
        "rev": "f426f6f181ba95f45d33f683fb754b6359d9e04f",
        "type": "github"
      },
      "original": {
        "owner": "ghostty-org",
        "repo": "ghostty",
        "rev": "f426f6f181ba95f45d33f683fb754b6359d9e04f",
        "type": "github"
      }
    },
    "keynav-src": {
      "flake": false,
      "locked": {
        "lastModified": 1558161956,
        "narHash": "sha256-YHSKizQ543u0T06OXoNDkBKfGmbBfjbPw//Q+kKVrtM=",
        "owner": "mgsloan",
        "repo": "keynav",
        "rev": "8012f9f1a557d09852e63cea7e524cbf60b70343",
        "type": "github"
      },
      "original": {
        "owner": "mgsloan",
        "repo": "keynav",
        "rev": "8012f9f1a557d09852e63cea7e524cbf60b70343",
        "type": "github"
      }
    },
    "nixgl-src": {
      "flake": false,
      "locked": {
        "lastModified": 1762090880,
        "narHash": "sha256-fbRQzIGPkjZa83MowjbD2ALaJf9y6KMDdJBQMKFeY/8=",
        "owner": "nix-community",
        "repo": "nixGL",
        "rev": "b6105297e6f0cd041670c3e8628394d4ee247ed5",
        "type": "github"
      },
      "original": {
        "owner": "nix-community",
        "repo": "nixGL",
        "rev": "b6105297e6f0cd041670c3e8628394d4ee247ed5",
        "type": "github"
      }
    },
    "nixpkgs": {
      "locked": {
        "lastModified": 1788614874,
        "narHash": "sha256-7QYjT2vHLuX9Z1pdxHXDKCbh1CR3D/2rywB9Tx0MPRg=",
        "owner": "NixOS",
        "repo": "nixpkgs",
        "rev": "c043004d1c6985732bcc1cbc5a9c9aecbbb4e0f0",
        "type": "github"
      },
      "original": {
        "owner": "NixOS",
        "ref": "nixos-unstable",
        "repo": "nixpkgs",
        "type": "github"
      }
    },
    "river-src": {
      "flake": false,
      "locked": {
        "lastModified": 1786004698,
        "narHash": "sha256-PuQNwbOBbSv82CzNkJk37YxpLql9SIJsZhjOAXQdt48=",
        "ref": "refs/heads/main",
        "rev": "67379a2c8ce6f8ac143cab25d60124992e6ecce3",
        "revCount": 1745,
        "type": "git",
        "url": "https://codeberg.org/river/river.git"
      },
      "original": {
        "rev": "67379a2c8ce6f8ac143cab25d60124992e6ecce3",
        "type": "git",
        "url": "https://codeberg.org/river/river.git"
      }
    },
    "root": {
      "inputs": {
        "asdcontrol-src": "asdcontrol-src",
        "darkman-src": "darkman-src",
        "dunst-src": "dunst-src",
        "fastpotify": "fastpotify",
        "ghostty-src": "ghostty-src",
        "keynav-src": "keynav-src",
        "nixgl-src": "nixgl-src",
        "nixpkgs": "nixpkgs",
        "river-src": "river-src",
        "waynav-src": "waynav-src",
        "wlroots-src": "wlroots-src"
      }
    },
    "rust-overlay": {
      "inputs": {
        "nixpkgs": [
          "fastpotify",
          "nixpkgs"
        ]
      },
      "locked": {
        "lastModified": 1787834454,
        "narHash": "sha256-jXSvqn04IOecJCvSvl8+g3PsbDVNP6qKs6dKUs/b16k=",
        "owner": "oxalica",
        "repo": "rust-overlay",
        "rev": "dc2fd1acc537f3583744e1373597a5731ff7a6e3",
        "type": "github"
      },
      "original": {
        "owner": "oxalica",
        "repo": "rust-overlay",
        "type": "github"
      }
    },
    "waynav-src": {
      "flake": false,
      "locked": {
        "lastModified": 1787274243,
        "narHash": "sha256-vmX2xcjQip9XJMOT10pyhuHBmb5DCwPkYgr2f7Pp+Hg=",
        "owner": "mgsloan",
        "repo": "waynav",
        "rev": "e779c2f94ebbc09b9ba2f59a9b4a45b075183a61",
        "type": "github"
      },
      "original": {
        "owner": "mgsloan",
        "repo": "waynav",
        "rev": "e779c2f94ebbc09b9ba2f59a9b4a45b075183a61",
        "type": "github"
      }
    },
    "wlroots-src": {
      "flake": false,
      "locked": {
        "host": "gitlab.freedesktop.org",
        "lastModified": 1779224173,
        "narHash": "sha256-uuc1dn13FXvFSBvE3+QOi35rLJZmWIUst64oaXGdPFk=",
        "owner": "wlroots",
        "repo": "wlroots",
        "rev": "a7f20066270c042799ae70b71dfa4d561ba85121",
        "type": "gitlab"
      },
      "original": {
        "host": "gitlab.freedesktop.org",
        "owner": "wlroots",
        "ref": "0.20.1",
        "repo": "wlroots",
        "type": "gitlab"
      }
    }
  },
  "root": "root",
  "version": 7
}
