# This file was autogenerated by Stack.
# You should not edit this file by hand.
# For more information, please see the documentation at:
#   https://docs.haskellstack.org/en/stable/topics/lock_files

packages: []
snapshots:
- completed:
    sha256: 0a3fe947012a776b310e33c66e78f43d1aa3160bd9e178c0fdb32fa7a9984db3
    size: 732687
    url: https://raw.githubusercontent.com/commercialhaskell/stackage-snapshots/master/lts/24/53.yaml
  original: lts-24.53
