# This file was autogenerated by Stack.
# You should not edit this file by hand.
# For more information, please see the documentation at:
#   https://docs.haskellstack.org/en/stable/lock_files

packages:
- completed:
    hackage: X11-1.8@sha256:77d5880a95383b8631e4951e8f3c159d959109736429dcf0ab79f201d9c227c0,2728
    pantry-tree:
      size: 2762
      sha256: fa506e0edef501abcf35f39fe69ddbc7f330f3668e1c23087a07fbd4e4dc6e5d
  original:
    hackage: X11-1.8
snapshots:
- completed:
    size: 492603
    url: https://raw.githubusercontent.com/commercialhaskell/stackage-snapshots/master/lts/13/1.yaml
    sha256: 1c2cd1868816c46601042e90c2a0c50230e131d5f2afa58df50f378faff1959a
  original: lts-13.1
